
Microsoft Visual Studio Solution File, Format Version 12.00
# Visual Studio Version 17
VisualStudioVersion = 17.11.35303.130
MinimumVisualStudioVersion = 10.0.40219.1
Project("{FAE04EC0-301F-11D3-BF4B-00C04F79EFBC}") = "9.1 POO (Encapsulacion y Convensiones)", "9.1 POO (Encapsulacion y Convensiones)\9.1 POO (Encapsulacion y Convensiones).csproj", "{5390F69A-A2AD-4851-BE4B-657B404198CB}"
EndProject
Global
	GlobalSection(SolutionConfigurationPlatforms) = preSolution
		Debug|Any CPU = Debug|Any CPU
		Release|Any CPU = Release|Any CPU
	EndGlobalSection
	GlobalSection(ProjectConfigurationPlatforms) = postSolution
		{5390F69A-A2AD-4851-BE4B-657B404198CB}.Debug|Any CPU.ActiveCfg = Debug|Any CPU
		{5390F69A-A2AD-4851-BE4B-657B404198CB}.Debug|Any CPU.Build.0 = Debug|Any CPU
		{5390F69A-A2AD-4851-BE4B-657B404198CB}.Release|Any CPU.ActiveCfg = Release|Any CPU
		{5390F69A-A2AD-4851-BE4B-657B404198CB}.Release|Any CPU.Build.0 = Release|Any CPU
	EndGlobalSection
	GlobalSection(SolutionProperties) = preSolution
		HideSolutionNode = FALSE
	EndGlobalSection
	GlobalSection(ExtensibilityGlobals) = postSolution
		SolutionGuid = {E92E933D-AFB8-4A31-81DE-6688F247944C}
	EndGlobalSection
EndGlobal
