
Microsoft Visual Studio Solution File, Format Version 12.00
# Visual Studio Version 17
VisualStudioVersion = 17.11.35222.181
MinimumVisualStudioVersion = 10.0.40219.1
Project("{FAE04EC0-301F-11D3-BF4B-00C04F79EFBC}") = "Arrays", "Arrays\Arrays.csproj", "{12A2CE04-0815-4A17-88B9-76B4A11C1F6E}"
EndProject
Global
	GlobalSection(SolutionConfigurationPlatforms) = preSolution
		Debug|Any CPU = Debug|Any CPU
		Release|Any CPU = Release|Any CPU
	EndGlobalSection
	GlobalSection(ProjectConfigurationPlatforms) = postSolution
		{12A2CE04-0815-4A17-88B9-76B4A11C1F6E}.Debug|Any CPU.ActiveCfg = Debug|Any CPU
		{12A2CE04-0815-4A17-88B9-76B4A11C1F6E}.Debug|Any CPU.Build.0 = Debug|Any CPU
		{12A2CE04-0815-4A17-88B9-76B4A11C1F6E}.Release|Any CPU.ActiveCfg = Release|Any CPU
		{12A2CE04-0815-4A17-88B9-76B4A11C1F6E}.Release|Any CPU.Build.0 = Release|Any CPU
	EndGlobalSection
	GlobalSection(SolutionProperties) = preSolution
		HideSolutionNode = FALSE
	EndGlobalSection
	GlobalSection(ExtensibilityGlobals) = postSolution
		SolutionGuid = {AFAE643E-BDA1-40CD-8D3A-3405510FFA1F}
	EndGlobalSection
EndGlobal
