
Microsoft Visual Studio Solution File, Format Version 12.00
# Visual Studio Version 17
VisualStudioVersion = 17.11.35222.181
MinimumVisualStudioVersion = 10.0.40219.1
Project("{FAE04EC0-301F-11D3-BF4B-00C04F79EFBC}") = "TiposDatos", "TiposDatos\TiposDatos.csproj", "{49B0980A-5FE8-41DC-A6BD-236DEFB064D6}"
EndProject
Global
	GlobalSection(SolutionConfigurationPlatforms) = preSolution
		Debug|Any CPU = Debug|Any CPU
		Release|Any CPU = Release|Any CPU
	EndGlobalSection
	GlobalSection(ProjectConfigurationPlatforms) = postSolution
		{49B0980A-5FE8-41DC-A6BD-236DEFB064D6}.Debug|Any CPU.ActiveCfg = Debug|Any CPU
		{49B0980A-5FE8-41DC-A6BD-236DEFB064D6}.Debug|Any CPU.Build.0 = Debug|Any CPU
		{49B0980A-5FE8-41DC-A6BD-236DEFB064D6}.Release|Any CPU.ActiveCfg = Release|Any CPU
		{49B0980A-5FE8-41DC-A6BD-236DEFB064D6}.Release|Any CPU.Build.0 = Release|Any CPU
	EndGlobalSection
	GlobalSection(SolutionProperties) = preSolution
		HideSolutionNode = FALSE
	EndGlobalSection
	GlobalSection(ExtensibilityGlobals) = postSolution
		SolutionGuid = {C9D5F562-43DD-4773-B623-368684FA0099}
	EndGlobalSection
EndGlobal
