
Microsoft Visual Studio Solution File, Format Version 12.00
# Visual Studio Version 17
VisualStudioVersion = 17.11.35303.130
MinimumVisualStudioVersion = 10.0.40219.1
Project("{FAE04EC0-301F-11D3-BF4B-00C04F79EFBC}") = "13. Interfaces", "13. Interfaces\13. Interfaces.csproj", "{BBA9598B-A6EB-448A-9266-109EFB85F162}"
EndProject
Global
	GlobalSection(SolutionConfigurationPlatforms) = preSolution
		Debug|Any CPU = Debug|Any CPU
		Release|Any CPU = Release|Any CPU
	EndGlobalSection
	GlobalSection(ProjectConfigurationPlatforms) = postSolution
		{BBA9598B-A6EB-448A-9266-109EFB85F162}.Debug|Any CPU.ActiveCfg = Debug|Any CPU
		{BBA9598B-A6EB-448A-9266-109EFB85F162}.Debug|Any CPU.Build.0 = Debug|Any CPU
		{BBA9598B-A6EB-448A-9266-109EFB85F162}.Release|Any CPU.ActiveCfg = Release|Any CPU
		{BBA9598B-A6EB-448A-9266-109EFB85F162}.Release|Any CPU.Build.0 = Release|Any CPU
	EndGlobalSection
	GlobalSection(SolutionProperties) = preSolution
		HideSolutionNode = FALSE
	EndGlobalSection
	GlobalSection(ExtensibilityGlobals) = postSolution
		SolutionGuid = {A40BBD13-5E75-4474-BD84-23CD360A2B61}
	EndGlobalSection
EndGlobal
