
Microsoft Visual Studio Solution File, Format Version 12.00
# Visual Studio Version 17
VisualStudioVersion = 17.11.35303.130
MinimumVisualStudioVersion = 10.0.40219.1
Project("{FAE04EC0-301F-11D3-BF4B-00C04F79EFBC}") = "17. Destructores", "17. Destructores\17. Destructores.csproj", "{07AEA601-F37B-4CE6-A2AF-CB41F6841FE5}"
EndProject
Global
	GlobalSection(SolutionConfigurationPlatforms) = preSolution
		Debug|Any CPU = Debug|Any CPU
		Release|Any CPU = Release|Any CPU
	EndGlobalSection
	GlobalSection(ProjectConfigurationPlatforms) = postSolution
		{07AEA601-F37B-4CE6-A2AF-CB41F6841FE5}.Debug|Any CPU.ActiveCfg = Debug|Any CPU
		{07AEA601-F37B-4CE6-A2AF-CB41F6841FE5}.Debug|Any CPU.Build.0 = Debug|Any CPU
		{07AEA601-F37B-4CE6-A2AF-CB41F6841FE5}.Release|Any CPU.ActiveCfg = Release|Any CPU
		{07AEA601-F37B-4CE6-A2AF-CB41F6841FE5}.Release|Any CPU.Build.0 = Release|Any CPU
	EndGlobalSection
	GlobalSection(SolutionProperties) = preSolution
		HideSolutionNode = FALSE
	EndGlobalSection
	GlobalSection(ExtensibilityGlobals) = postSolution
		SolutionGuid = {8F5A794B-B473-4ECE-AB94-210F65D95775}
	EndGlobalSection
EndGlobal
