
Microsoft Visual Studio Solution File, Format Version 12.00
# Visual Studio Version 17
VisualStudioVersion = 17.11.35222.181
MinimumVisualStudioVersion = 10.0.40219.1
Project("{FAE04EC0-301F-11D3-BF4B-00C04F79EFBC}") = "Operadores", "Operadores\Operadores.csproj", "{B3CF73ED-B6C0-4A11-BBF9-B3DA4BC39669}"
EndProject
Global
	GlobalSection(SolutionConfigurationPlatforms) = preSolution
		Debug|Any CPU = Debug|Any CPU
		Release|Any CPU = Release|Any CPU
	EndGlobalSection
	GlobalSection(ProjectConfigurationPlatforms) = postSolution
		{B3CF73ED-B6C0-4A11-BBF9-B3DA4BC39669}.Debug|Any CPU.ActiveCfg = Debug|Any CPU
		{B3CF73ED-B6C0-4A11-BBF9-B3DA4BC39669}.Debug|Any CPU.Build.0 = Debug|Any CPU
		{B3CF73ED-B6C0-4A11-BBF9-B3DA4BC39669}.Release|Any CPU.ActiveCfg = Release|Any CPU
		{B3CF73ED-B6C0-4A11-BBF9-B3DA4BC39669}.Release|Any CPU.Build.0 = Release|Any CPU
	EndGlobalSection
	GlobalSection(SolutionProperties) = preSolution
		HideSolutionNode = FALSE
	EndGlobalSection
	GlobalSection(ExtensibilityGlobals) = postSolution
		SolutionGuid = {F8AD1C67-43FC-4576-B821-7BCD5F67CD26}
	EndGlobalSection
EndGlobal
