
Microsoft Visual Studio Solution File, Format Version 12.00
# Visual Studio Version 17
VisualStudioVersion = 17.11.35303.130
MinimumVisualStudioVersion = 10.0.40219.1
Project("{FAE04EC0-301F-11D3-BF4B-00C04F79EFBC}") = "10. Arrays", "10. Arrays\10. Arrays.csproj", "{8667D8E1-A408-44E9-8D38-63B9B84A34E1}"
EndProject
Global
	GlobalSection(SolutionConfigurationPlatforms) = preSolution
		Debug|Any CPU = Debug|Any CPU
		Release|Any CPU = Release|Any CPU
	EndGlobalSection
	GlobalSection(ProjectConfigurationPlatforms) = postSolution
		{8667D8E1-A408-44E9-8D38-63B9B84A34E1}.Debug|Any CPU.ActiveCfg = Debug|Any CPU
		{8667D8E1-A408-44E9-8D38-63B9B84A34E1}.Debug|Any CPU.Build.0 = Debug|Any CPU
		{8667D8E1-A408-44E9-8D38-63B9B84A34E1}.Release|Any CPU.ActiveCfg = Release|Any CPU
		{8667D8E1-A408-44E9-8D38-63B9B84A34E1}.Release|Any CPU.Build.0 = Release|Any CPU
	EndGlobalSection
	GlobalSection(SolutionProperties) = preSolution
		HideSolutionNode = FALSE
	EndGlobalSection
	GlobalSection(ExtensibilityGlobals) = postSolution
		SolutionGuid = {C4FD99C3-7200-44F4-B092-92965C830BA2}
	EndGlobalSection
EndGlobal
