
Microsoft Visual Studio Solution File, Format Version 12.00
# Visual Studio Version 17
VisualStudioVersion = 17.11.35303.130
MinimumVisualStudioVersion = 10.0.40219.1
Project("{FAE04EC0-301F-11D3-BF4B-00C04F79EFBC}") = "17. Enum", "17. Enum\17. Enum.csproj", "{C267CDA8-94DC-4217-ACD6-CA6ED73D3149}"
EndProject
Global
	GlobalSection(SolutionConfigurationPlatforms) = preSolution
		Debug|Any CPU = Debug|Any CPU
		Release|Any CPU = Release|Any CPU
	EndGlobalSection
	GlobalSection(ProjectConfigurationPlatforms) = postSolution
		{C267CDA8-94DC-4217-ACD6-CA6ED73D3149}.Debug|Any CPU.ActiveCfg = Debug|Any CPU
		{C267CDA8-94DC-4217-ACD6-CA6ED73D3149}.Debug|Any CPU.Build.0 = Debug|Any CPU
		{C267CDA8-94DC-4217-ACD6-CA6ED73D3149}.Release|Any CPU.ActiveCfg = Release|Any CPU
		{C267CDA8-94DC-4217-ACD6-CA6ED73D3149}.Release|Any CPU.Build.0 = Release|Any CPU
	EndGlobalSection
	GlobalSection(SolutionProperties) = preSolution
		HideSolutionNode = FALSE
	EndGlobalSection
	GlobalSection(ExtensibilityGlobals) = postSolution
		SolutionGuid = {7C36DDFA-EFD8-4DCB-886C-EF940C6893B0}
	EndGlobalSection
EndGlobal
