
Microsoft Visual Studio Solution File, Format Version 12.00
# Visual Studio Version 17
VisualStudioVersion = 17.11.35303.130
MinimumVisualStudioVersion = 10.0.40219.1
Project("{FAE04EC0-301F-11D3-BF4B-00C04F79EFBC}") = "7. Bucle Do-While", "7. Bucle Do-While\7. Bucle Do-While.csproj", "{48D46A89-2411-4333-9818-4D58B77FCD77}"
EndProject
Global
	GlobalSection(SolutionConfigurationPlatforms) = preSolution
		Debug|Any CPU = Debug|Any CPU
		Release|Any CPU = Release|Any CPU
	EndGlobalSection
	GlobalSection(ProjectConfigurationPlatforms) = postSolution
		{48D46A89-2411-4333-9818-4D58B77FCD77}.Debug|Any CPU.ActiveCfg = Debug|Any CPU
		{48D46A89-2411-4333-9818-4D58B77FCD77}.Debug|Any CPU.Build.0 = Debug|Any CPU
		{48D46A89-2411-4333-9818-4D58B77FCD77}.Release|Any CPU.ActiveCfg = Release|Any CPU
		{48D46A89-2411-4333-9818-4D58B77FCD77}.Release|Any CPU.Build.0 = Release|Any CPU
	EndGlobalSection
	GlobalSection(SolutionProperties) = preSolution
		HideSolutionNode = FALSE
	EndGlobalSection
	GlobalSection(ExtensibilityGlobals) = postSolution
		SolutionGuid = {E027FE84-66C3-447C-90EE-F536B96DA6DB}
	EndGlobalSection
EndGlobal
