
Microsoft Visual Studio Solution File, Format Version 12.00
# Visual Studio Version 17
VisualStudioVersion = 17.11.35303.130
MinimumVisualStudioVersion = 10.0.40219.1
Project("{FAE04EC0-301F-11D3-BF4B-00C04F79EFBC}") = "14. Clases Abstractas", "14. Clases Abstractas\14. Clases Abstractas.csproj", "{A400E4AC-9E53-40FF-BE27-F5DC48882F96}"
EndProject
Global
	GlobalSection(SolutionConfigurationPlatforms) = preSolution
		Debug|Any CPU = Debug|Any CPU
		Release|Any CPU = Release|Any CPU
	EndGlobalSection
	GlobalSection(ProjectConfigurationPlatforms) = postSolution
		{A400E4AC-9E53-40FF-BE27-F5DC48882F96}.Debug|Any CPU.ActiveCfg = Debug|Any CPU
		{A400E4AC-9E53-40FF-BE27-F5DC48882F96}.Debug|Any CPU.Build.0 = Debug|Any CPU
		{A400E4AC-9E53-40FF-BE27-F5DC48882F96}.Release|Any CPU.ActiveCfg = Release|Any CPU
		{A400E4AC-9E53-40FF-BE27-F5DC48882F96}.Release|Any CPU.Build.0 = Release|Any CPU
	EndGlobalSection
	GlobalSection(SolutionProperties) = preSolution
		HideSolutionNode = FALSE
	EndGlobalSection
	GlobalSection(ExtensibilityGlobals) = postSolution
		SolutionGuid = {4F5A67A2-DD04-4EC1-805A-14314E0103AC}
	EndGlobalSection
EndGlobal
