
Microsoft Visual Studio Solution File, Format Version 12.00
# Visual Studio Version 17
VisualStudioVersion = 17.11.35303.130
MinimumVisualStudioVersion = 10.0.40219.1
Project("{FAE04EC0-301F-11D3-BF4B-00C04F79EFBC}") = "4. Condicional IF", "4. Condicional IF\4. Condicional IF.csproj", "{68CCA06D-BE06-41D3-83D6-16DC0E06D198}"
EndProject
Global
	GlobalSection(SolutionConfigurationPlatforms) = preSolution
		Debug|Any CPU = Debug|Any CPU
		Release|Any CPU = Release|Any CPU
	EndGlobalSection
	GlobalSection(ProjectConfigurationPlatforms) = postSolution
		{68CCA06D-BE06-41D3-83D6-16DC0E06D198}.Debug|Any CPU.ActiveCfg = Debug|Any CPU
		{68CCA06D-BE06-41D3-83D6-16DC0E06D198}.Debug|Any CPU.Build.0 = Debug|Any CPU
		{68CCA06D-BE06-41D3-83D6-16DC0E06D198}.Release|Any CPU.ActiveCfg = Release|Any CPU
		{68CCA06D-BE06-41D3-83D6-16DC0E06D198}.Release|Any CPU.Build.0 = Release|Any CPU
	EndGlobalSection
	GlobalSection(SolutionProperties) = preSolution
		HideSolutionNode = FALSE
	EndGlobalSection
	GlobalSection(ExtensibilityGlobals) = postSolution
		SolutionGuid = {A2566D16-FE67-4412-876C-9466ED8E2284}
	EndGlobalSection
EndGlobal
