
Microsoft Visual Studio Solution File, Format Version 12.00
# Visual Studio Version 17
VisualStudioVersion = 17.11.35303.130
MinimumVisualStudioVersion = 10.0.40219.1
Project("{FAE04EC0-301F-11D3-BF4B-00C04F79EFBC}") = "19. Genericos", "19. Genericos\19. Genericos.csproj", "{AF3EDA54-F56F-49AC-BB62-8C1E87D3F6A4}"
EndProject
Global
	GlobalSection(SolutionConfigurationPlatforms) = preSolution
		Debug|Any CPU = Debug|Any CPU
		Release|Any CPU = Release|Any CPU
	EndGlobalSection
	GlobalSection(ProjectConfigurationPlatforms) = postSolution
		{AF3EDA54-F56F-49AC-BB62-8C1E87D3F6A4}.Debug|Any CPU.ActiveCfg = Debug|Any CPU
		{AF3EDA54-F56F-49AC-BB62-8C1E87D3F6A4}.Debug|Any CPU.Build.0 = Debug|Any CPU
		{AF3EDA54-F56F-49AC-BB62-8C1E87D3F6A4}.Release|Any CPU.ActiveCfg = Release|Any CPU
		{AF3EDA54-F56F-49AC-BB62-8C1E87D3F6A4}.Release|Any CPU.Build.0 = Release|Any CPU
	EndGlobalSection
	GlobalSection(SolutionProperties) = preSolution
		HideSolutionNode = FALSE
	EndGlobalSection
	GlobalSection(ExtensibilityGlobals) = postSolution
		SolutionGuid = {3422A190-901E-4EF6-B724-0722FA8D8D73}
	EndGlobalSection
EndGlobal
