
Microsoft Visual Studio Solution File, Format Version 12.00
# Visual Studio Version 17
VisualStudioVersion = 17.11.35303.130
MinimumVisualStudioVersion = 10.0.40219.1
Project("{FAE04EC0-301F-11D3-BF4B-00C04F79EFBC}") = "16. Struct", "16. Struct\16. Struct.csproj", "{C0755BB8-0B5A-4B32-B157-D6D0D7D07467}"
EndProject
Global
	GlobalSection(SolutionConfigurationPlatforms) = preSolution
		Debug|Any CPU = Debug|Any CPU
		Release|Any CPU = Release|Any CPU
	EndGlobalSection
	GlobalSection(ProjectConfigurationPlatforms) = postSolution
		{C0755BB8-0B5A-4B32-B157-D6D0D7D07467}.Debug|Any CPU.ActiveCfg = Debug|Any CPU
		{C0755BB8-0B5A-4B32-B157-D6D0D7D07467}.Debug|Any CPU.Build.0 = Debug|Any CPU
		{C0755BB8-0B5A-4B32-B157-D6D0D7D07467}.Release|Any CPU.ActiveCfg = Release|Any CPU
		{C0755BB8-0B5A-4B32-B157-D6D0D7D07467}.Release|Any CPU.Build.0 = Release|Any CPU
	EndGlobalSection
	GlobalSection(SolutionProperties) = preSolution
		HideSolutionNode = FALSE
	EndGlobalSection
	GlobalSection(ExtensibilityGlobals) = postSolution
		SolutionGuid = {B41AB3F7-3CF9-4D19-90D3-9CDF02AB99A7}
	EndGlobalSection
EndGlobal
